
Microsoft Visual Studio Solution File, Format Version 12.00
# Visual Studio Version 17
VisualStudioVersion = 17.0.31903.59
MinimumVisualStudioVersion = 10.0.40219.1
Project("{9A19103F-16F7-4668-BE54-9A1E7A4F7556}") = "Presentation", "Presentation\Presentation.csproj", "{F3765A85-302B-41EF-A6AC-24E4D3E1216C}"
EndProject
Project("{9A19103F-16F7-4668-BE54-9A1E7A4F7556}") = "Application", "Application\Application.csproj", "{000BD8F4-ADA0-4083-A9C6-9664D7F705B2}"
EndProject
Project("{9A19103F-16F7-4668-BE54-9A1E7A4F7556}") = "Domain", "Domain\Domain.csproj", "{F37BDA60-4C21-4512-80B1-1C42B2984EA1}"
EndProject
Project("{9A19103F-16F7-4668-BE54-9A1E7A4F7556}") = "Infrastructure", "Infrastructure\Infrastructure.csproj", "{B8CB43C7-89BC-49EA-B1F8-F37D06BBEA0C}"
EndProject
Project("{E53339B2-1760-4266-BCC7-CA923CBCF16C}") = "docker-compose", "docker-compose.dcproj", "{E8BBA11E-32D7-41FA-A867-762780DDAF9E}"
EndProject
Global
	GlobalSection(SolutionConfigurationPlatforms) = preSolution
		Debug|Any CPU = Debug|Any CPU
		Release|Any CPU = Release|Any CPU
	EndGlobalSection
	GlobalSection(ProjectConfigurationPlatforms) = postSolution
		{F3765A85-302B-41EF-A6AC-24E4D3E1216C}.Debug|Any CPU.ActiveCfg = Debug|Any CPU
		{F3765A85-302B-41EF-A6AC-24E4D3E1216C}.Debug|Any CPU.Build.0 = Debug|Any CPU
		{F3765A85-302B-41EF-A6AC-24E4D3E1216C}.Release|Any CPU.ActiveCfg = Release|Any CPU
		{F3765A85-302B-41EF-A6AC-24E4D3E1216C}.Release|Any CPU.Build.0 = Release|Any CPU
		{000BD8F4-ADA0-4083-A9C6-9664D7F705B2}.Debug|Any CPU.ActiveCfg = Debug|Any CPU
		{000BD8F4-ADA0-4083-A9C6-9664D7F705B2}.Debug|Any CPU.Build.0 = Debug|Any CPU
		{000BD8F4-ADA0-4083-A9C6-9664D7F705B2}.Release|Any CPU.ActiveCfg = Release|Any CPU
		{000BD8F4-ADA0-4083-A9C6-9664D7F705B2}.Release|Any CPU.Build.0 = Release|Any CPU
		{F37BDA60-4C21-4512-80B1-1C42B2984EA1}.Debug|Any CPU.ActiveCfg = Debug|Any CPU
		{F37BDA60-4C21-4512-80B1-1C42B2984EA1}.Debug|Any CPU.Build.0 = Debug|Any CPU
		{F37BDA60-4C21-4512-80B1-1C42B2984EA1}.Release|Any CPU.ActiveCfg = Release|Any CPU
		{F37BDA60-4C21-4512-80B1-1C42B2984EA1}.Release|Any CPU.Build.0 = Release|Any CPU
		{B8CB43C7-89BC-49EA-B1F8-F37D06BBEA0C}.Debug|Any CPU.ActiveCfg = Debug|Any CPU
		{B8CB43C7-89BC-49EA-B1F8-F37D06BBEA0C}.Debug|Any CPU.Build.0 = Debug|Any CPU
		{B8CB43C7-89BC-49EA-B1F8-F37D06BBEA0C}.Release|Any CPU.ActiveCfg = Release|Any CPU
		{B8CB43C7-89BC-49EA-B1F8-F37D06BBEA0C}.Release|Any CPU.Build.0 = Release|Any CPU
		{E8BBA11E-32D7-41FA-A867-762780DDAF9E}.Debug|Any CPU.ActiveCfg = Debug|Any CPU
		{E8BBA11E-32D7-41FA-A867-762780DDAF9E}.Debug|Any CPU.Build.0 = Debug|Any CPU
		{E8BBA11E-32D7-41FA-A867-762780DDAF9E}.Release|Any CPU.ActiveCfg = Release|Any CPU
		{E8BBA11E-32D7-41FA-A867-762780DDAF9E}.Release|Any CPU.Build.0 = Release|Any CPU
	EndGlobalSection
	GlobalSection(SolutionProperties) = preSolution
		HideSolutionNode = FALSE
	EndGlobalSection
	GlobalSection(ExtensibilityGlobals) = postSolution
		SolutionGuid = {F82847F5-D5C5-4685-B2D2-4BE99E1E2B32}
	EndGlobalSection
EndGlobal
