
Microsoft Visual Studio Solution File, Format Version 12.00
# Visual Studio Version 17
VisualStudioVersion = 17.0.31903.59
MinimumVisualStudioVersion = 10.0.40219.1
Project("{FAE04EC0-301F-11D3-BF4B-00C04F79EFBC}") = "Presentation", "Presentation\Presentation.csproj", "{F3765A85-302B-41EF-A6AC-24E4D3E1216C}"
EndProject
Project("{FAE04EC0-301F-11D3-BF4B-00C04F79EFBC}") = "Application", "Application\Application.csproj", "{000BD8F4-ADA0-4083-A9C6-9664D7F705B2}"
EndProject
Global
	GlobalSection(SolutionConfigurationPlatforms) = preSolution
		Debug|Any CPU = Debug|Any CPU
		Release|Any CPU = Release|Any CPU
	EndGlobalSection
	GlobalSection(ProjectConfigurationPlatforms) = postSolution
		{F3765A85-302B-41EF-A6AC-24E4D3E1216C}.Debug|Any CPU.ActiveCfg = Debug|Any CPU
		{F3765A85-302B-41EF-A6AC-24E4D3E1216C}.Debug|Any CPU.Build.0 = Debug|Any CPU
		{F3765A85-302B-41EF-A6AC-24E4D3E1216C}.Release|Any CPU.ActiveCfg = Release|Any CPU
		{F3765A85-302B-41EF-A6AC-24E4D3E1216C}.Release|Any CPU.Build.0 = Release|Any CPU
		{000BD8F4-ADA0-4083-A9C6-9664D7F705B2}.Debug|Any CPU.ActiveCfg = Debug|Any CPU
		{000BD8F4-ADA0-4083-A9C6-9664D7F705B2}.Debug|Any CPU.Build.0 = Debug|Any CPU
		{000BD8F4-ADA0-4083-A9C6-9664D7F705B2}.Release|Any CPU.ActiveCfg = Release|Any CPU
		{000BD8F4-ADA0-4083-A9C6-9664D7F705B2}.Release|Any CPU.Build.0 = Release|Any CPU
	EndGlobalSection
	GlobalSection(SolutionProperties) = preSolution
		HideSolutionNode = FALSE
	EndGlobalSection
	GlobalSection(ExtensibilityGlobals) = postSolution
		SolutionGuid = {F82847F5-D5C5-4685-B2D2-4BE99E1E2B32}
	EndGlobalSection
EndGlobal
